Microsoft Visual Studio Solution File, Format Version 12.00
# Visual Studio Version 17
VisualStudioVersion = 17.5.2.0
MinimumVisualStudioVersion = 10.0.40219.1
Project("{FAE04EC0-301F-11D3-BF4B-00C04F79EFBC}") = "Prog slutprojekt", "Prog slutprojekt.csproj", "{00F8A875-206C-CD91-A56C-B407FBAC0C9A}"
EndProject
Global
	GlobalSection(SolutionConfigurationPlatforms) = preSolution
		Debug|Any CPU = Debug|Any CPU
		Release|Any CPU = Release|Any CPU
	EndGlobalSection
	GlobalSection(ProjectConfigurationPlatforms) = postSolution
		{00F8A875-206C-CD91-A56C-B407FBAC0C9A}.Debug|Any CPU.ActiveCfg = Debug|Any CPU
		{00F8A875-206C-CD91-A56C-B407FBAC0C9A}.Debug|Any CPU.Build.0 = Debug|Any CPU
		{00F8A875-206C-CD91-A56C-B407FBAC0C9A}.Release|Any CPU.ActiveCfg = Release|Any CPU
		{00F8A875-206C-CD91-A56C-B407FBAC0C9A}.Release|Any CPU.Build.0 = Release|Any CPU
	EndGlobalSection
	GlobalSection(SolutionProperties) = preSolution
		HideSolutionNode = FALSE
	EndGlobalSection
	GlobalSection(ExtensibilityGlobals) = postSolution
		SolutionGuid = {7A1C2C10-F233-43A6-8C35-7DCE53CF5EA7}
	EndGlobalSection
EndGlobal
